
Microsoft Visual Studio Solution File, Format Version 12.00
# Visual Studio 15
Project("{FAE04EC0-301F-11D3-BF4B-00C04F79EFBC}") = "Assembly-CSharp", "Assembly-CSharp.csproj", "{ACB48D77-062A-8320-4EFE-44E5A1B3BB9C}"
EndProject
Project("{FAE04EC0-301F-11D3-BF4B-00C04F79EFBC}") = "Assembly-CSharp-Editor", "Assembly-CSharp-Editor.csproj", "{EE3A1524-FA43-2CC4-E38E-40BCB1A6AEC9}"
EndProject
Global
	GlobalSection(SolutionConfigurationPlatforms) = preSolution
		Debug|Any CPU = Debug|Any CPU
		Release|Any CPU = Release|Any CPU
	EndGlobalSection
	GlobalSection(ProjectConfigurationPlatforms) = postSolution
		{ACB48D77-062A-8320-4EFE-44E5A1B3BB9C}.Debug|Any CPU.ActiveCfg = Debug|Any CPU
		{ACB48D77-062A-8320-4EFE-44E5A1B3BB9C}.Debug|Any CPU.Build.0 = Debug|Any CPU
		{ACB48D77-062A-8320-4EFE-44E5A1B3BB9C}.Release|Any CPU.ActiveCfg = Release|Any CPU
		{ACB48D77-062A-8320-4EFE-44E5A1B3BB9C}.Release|Any CPU.Build.0 = Release|Any CPU
		{EE3A1524-FA43-2CC4-E38E-40BCB1A6AEC9}.Debug|Any CPU.ActiveCfg = Debug|Any CPU
		{EE3A1524-FA43-2CC4-E38E-40BCB1A6AEC9}.Debug|Any CPU.Build.0 = Debug|Any CPU
		{EE3A1524-FA43-2CC4-E38E-40BCB1A6AEC9}.Release|Any CPU.ActiveCfg = Release|Any CPU
		{EE3A1524-FA43-2CC4-E38E-40BCB1A6AEC9}.Release|Any CPU.Build.0 = Release|Any CPU
	EndGlobalSection
	GlobalSection(SolutionProperties) = preSolution
		HideSolutionNode = FALSE
	EndGlobalSection
EndGlobal
